
Microsoft Visual Studio Solution File, Format Version 12.00
# Visual Studio Version 17
VisualStudioVersion = 17.0.31903.59
MinimumVisualStudioVersion = 10.0.40219.1
Project("{FAE04EC0-301F-11D3-BF4B-00C04F79EFBC}") = "BuberDinner.Api", "BuberDinner.Api\BuberDinner.Api.csproj", "{620B072D-7EB4-416E-B9B1-B3D15EB33FDB}"
EndProject
Project("{FAE04EC0-301F-11D3-BF4B-00C04F79EFBC}") = "BuberDinner.Application", "BuberDinner.Application\BuberDinner.Application.csproj", "{5955058C-2021-45FA-82E5-8F77F138B1CF}"
EndProject
Project("{FAE04EC0-301F-11D3-BF4B-00C04F79EFBC}") = "BuberDinner.Contracts", "BuberDinner.Contracts\BuberDinner.Contracts.csproj", "{86AC2127-06C2-4902-BB2F-B12388C199B7}"
EndProject
Project("{FAE04EC0-301F-11D3-BF4B-00C04F79EFBC}") = "BuberDinner.Domain", "BuberDinner.Domain\BuberDinner.Domain.csproj", "{A6510B1C-5458-47AB-BE6B-BC14773123B4}"
EndProject
Project("{FAE04EC0-301F-11D3-BF4B-00C04F79EFBC}") = "BuberDinner.Infrastructure", "BuberDinner.Infrastructure\BuberDinner.Infrastructure.csproj", "{6F473BF0-B49A-4C6E-B8CE-24E4188686D5}"
EndProject
Global
	GlobalSection(SolutionConfigurationPlatforms) = preSolution
		Debug|Any CPU = Debug|Any CPU
		Release|Any CPU = Release|Any CPU
	EndGlobalSection
	GlobalSection(SolutionProperties) = preSolution
		HideSolutionNode = FALSE
	EndGlobalSection
	GlobalSection(ProjectConfigurationPlatforms) = postSolution
		{620B072D-7EB4-416E-B9B1-B3D15EB33FDB}.Debug|Any CPU.ActiveCfg = Debug|Any CPU
		{620B072D-7EB4-416E-B9B1-B3D15EB33FDB}.Debug|Any CPU.Build.0 = Debug|Any CPU
		{620B072D-7EB4-416E-B9B1-B3D15EB33FDB}.Release|Any CPU.ActiveCfg = Release|Any CPU
		{620B072D-7EB4-416E-B9B1-B3D15EB33FDB}.Release|Any CPU.Build.0 = Release|Any CPU
		{5955058C-2021-45FA-82E5-8F77F138B1CF}.Debug|Any CPU.ActiveCfg = Debug|Any CPU
		{5955058C-2021-45FA-82E5-8F77F138B1CF}.Debug|Any CPU.Build.0 = Debug|Any CPU
		{5955058C-2021-45FA-82E5-8F77F138B1CF}.Release|Any CPU.ActiveCfg = Release|Any CPU
		{5955058C-2021-45FA-82E5-8F77F138B1CF}.Release|Any CPU.Build.0 = Release|Any CPU
		{86AC2127-06C2-4902-BB2F-B12388C199B7}.Debug|Any CPU.ActiveCfg = Debug|Any CPU
		{86AC2127-06C2-4902-BB2F-B12388C199B7}.Debug|Any CPU.Build.0 = Debug|Any CPU
		{86AC2127-06C2-4902-BB2F-B12388C199B7}.Release|Any CPU.ActiveCfg = Release|Any CPU
		{86AC2127-06C2-4902-BB2F-B12388C199B7}.Release|Any CPU.Build.0 = Release|Any CPU
		{A6510B1C-5458-47AB-BE6B-BC14773123B4}.Debug|Any CPU.ActiveCfg = Debug|Any CPU
		{A6510B1C-5458-47AB-BE6B-BC14773123B4}.Debug|Any CPU.Build.0 = Debug|Any CPU
		{A6510B1C-5458-47AB-BE6B-BC14773123B4}.Release|Any CPU.ActiveCfg = Release|Any CPU
		{A6510B1C-5458-47AB-BE6B-BC14773123B4}.Release|Any CPU.Build.0 = Release|Any CPU
		{6F473BF0-B49A-4C6E-B8CE-24E4188686D5}.Debug|Any CPU.ActiveCfg = Debug|Any CPU
		{6F473BF0-B49A-4C6E-B8CE-24E4188686D5}.Debug|Any CPU.Build.0 = Debug|Any CPU
		{6F473BF0-B49A-4C6E-B8CE-24E4188686D5}.Release|Any CPU.ActiveCfg = Release|Any CPU
		{6F473BF0-B49A-4C6E-B8CE-24E4188686D5}.Release|Any CPU.Build.0 = Release|Any CPU
	EndGlobalSection
EndGlobal
